
Microsoft Visual Studio Solution File, Format Version 12.00
# Visual Studio Version 16
VisualStudioVersion = 16.0.32630.194
MinimumVisualStudioVersion = 10.0.40219.1
Project("{FAE04EC0-301F-11D3-BF4B-00C04F79EFBC}") = "SealWebMvc2", "SealWebMvc2\SealWebMvc2.csproj", "{3D858139-5D6A-4FDA-BF44-0CCF6733541D}"
EndProject
Global
	GlobalSection(SolutionConfigurationPlatforms) = preSolution
		Debug|Any CPU = Debug|Any CPU
		Release|Any CPU = Release|Any CPU
	EndGlobalSection
	GlobalSection(ProjectConfigurationPlatforms) = postSolution
		{3D858139-5D6A-4FDA-BF44-0CCF6733541D}.Debug|Any CPU.ActiveCfg = Debug|Any CPU
		{3D858139-5D6A-4FDA-BF44-0CCF6733541D}.Debug|Any CPU.Build.0 = Debug|Any CPU
		{3D858139-5D6A-4FDA-BF44-0CCF6733541D}.Release|Any CPU.ActiveCfg = Release|Any CPU
		{3D858139-5D6A-4FDA-BF44-0CCF6733541D}.Release|Any CPU.Build.0 = Release|Any CPU
	EndGlobalSection
	GlobalSection(SolutionProperties) = preSolution
		HideSolutionNode = FALSE
	EndGlobalSection
	GlobalSection(ExtensibilityGlobals) = postSolution
		SolutionGuid = {ED839795-096A-456F-A4D9-83F6DA327AB2}
	EndGlobalSection
EndGlobal
